// !$*UTF8*$!
{
	archiveVersion = 1;
	classes = {
	};
	objectVersion = 46;
	objects = {

/* Begin PBXBuildFile section */
		55A1C3A716562AC50038D6B9 /* UIKit.framework in Frameworks */ = {isa = PBXBuildFile; fileRef = 55A1C3A616562AC50038D6B9 /* UIKit.framework */; };
		55A1C3A916562AC50038D6B9 /* Foundation.framework in Frameworks */ = {isa = PBXBuildFile; fileRef = 55A1C3A816562AC50038D6B9 /* Foundation.framework */; };
		55A1C3AB16562AC50038D6B9 /* CoreGraphics.framework in Frameworks */ = {isa = PBXBuildFile; fileRef = 55A1C3AA16562AC50038D6B9 /* CoreGraphics.framework */; };
		55A1C3B116562AC50038D6B9 /* InfoPlist.strings in Resources */ = {isa = PBXBuildFile; fileRef = 55A1C3AF16562AC50038D6B9 /* InfoPlist.strings */; };
		55A1C3B316562AC50038D6B9 /* main.m in Sources */ = {isa = PBXBuildFile; fileRef = 55A1C3B216562AC50038D6B9 /* main.m */; };
		55A1C3B716562AC50038D6B9 /* AppDelegate.m in Sources */ = {isa = PBXBuildFile; fileRef = 55A1C3B616562AC50038D6B9 /* AppDelegate.m */; };
		55A1C3BA16562AC50038D6B9 /* MainStoryboard.storyboard in Resources */ = {isa = PBXBuildFile; fileRef = 55A1C3B816562AC50038D6B9 /* MainStoryboard.storyboard */; };
		55A1C3BD16562AC50038D6B9 /* ViewController.m in Sources */ = {isa = PBXBuildFile; fileRef = 55A1C3BC16562AC50038D6B9 /* ViewController.m */; };
		55A1C3C516562C610038D6B9 /* DietOptionsViewController.m in Sources */ = {isa = PBXBuildFile; fileRef = 55A1C3C416562C610038D6B9 /* DietOptionsViewController.m */; };
/* End PBXBuildFile section */

/* Begin PBXFileReference section */
		55A1C3A216562AC50038D6B9 /* StaticCellUserDefaults.app */ = {isa = PBXFileReference; explicitFileType = wrapper.application; includeInIndex = 0; path = StaticCellUserDefaults.app; sourceTree = BUILT_PRODUCTS_DIR; };
		55A1C3A616562AC50038D6B9 /* UIKit.framework */ = {isa = PBXFileReference; lastKnownFileType = wrapper.framework; name = UIKit.framework; path = System/Library/Frameworks/UIKit.framework; sourceTree = SDKROOT; };
		55A1C3A816562AC50038D6B9 /* Foundation.framework */ = {isa = PBXFileReference; lastKnownFileType = wrapper.framework; name = Foundation.framework; path = System/Library/Frameworks/Foundation.framework; sourceTree = SDKROOT; };
		55A1C3AA16562AC50038D6B9 /* CoreGraphics.framework */ = {isa = PBXFileReference; lastKnownFileType = wrapper.framework; name = CoreGraphics.framework; path = System/Library/Frameworks/CoreGraphics.framework; sourceTree = SDKROOT; };
		55A1C3AE16562AC50038D6B9 /* StaticCellUserDefaults-Info.plist */ = {isa = PBXFileReference; lastKnownFileType = text.plist.xml; path = "StaticCellUserDefaults-Info.plist"; sourceTree = "<group>"; };
		55A1C3B016562AC50038D6B9 /* en */ = {isa = PBXFileReference; lastKnownFileType = text.plist.strings; name = en; path = en.lproj/InfoPlist.strings; sourceTree = "<group>"; };
		55A1C3B216562AC50038D6B9 /* main.m */ = {isa = PBXFileReference; lastKnownFileType = sourcecode.c.objc; path = main.m; sourceTree = "<group>"; };
		55A1C3B416562AC50038D6B9 /* StaticCellUserDefaults-Prefix.pch */ = {isa = PBXFileReference; lastKnownFileType = sourcecode.c.h; path = "StaticCellUserDefaults-Prefix.pch"; sourceTree = "<group>"; };
		55A1C3B516562AC50038D6B9 /* AppDelegate.h */ = {isa = PBXFileReference; lastKnownFileType = sourcecode.c.h; path = AppDelegate.h; sourceTree = "<group>"; };
		55A1C3B616562AC50038D6B9 /* AppDelegate.m */ = {isa = PBXFileReference; lastKnownFileType = sourcecode.c.objc; path = AppDelegate.m; sourceTree = "<group>"; };
		55A1C3B916562AC50038D6B9 /* en */ = {isa = PBXFileReference; lastKnownFileType = file.storyboard; name = en; path = en.lproj/MainStoryboard.storyboard; sourceTree = "<group>"; };
		55A1C3BB16562AC50038D6B9 /* ViewController.h */ = {isa = PBXFileReference; lastKnownFileType = sourcecode.c.h; path = ViewController.h; sourceTree = "<group>"; };
		55A1C3BC16562AC50038D6B9 /* ViewController.m */ = {isa = PBXFileReference; lastKnownFileType = sourcecode.c.objc; path = ViewController.m; sourceTree = "<group>"; };
		55A1C3C316562C610038D6B9 /* DietOptionsViewController.h */ = {isa = PBXFileReference; fileEncoding = 4; lastKnownFileType = sourcecode.c.h; path = DietOptionsViewController.h; sourceTree = "<group>"; };
		55A1C3C416562C610038D6B9 /* DietOptionsViewController.m */ = {isa = PBXFileReference; fileEncoding = 4; lastKnownFileType = sourcecode.c.objc; path = DietOptionsViewController.m; sourceTree = "<group>"; };
/* End PBXFileReference section */

/* Begin PBXFrameworksBuildPhase section */
		55A1C39F16562AC50038D6B9 /* Frameworks */ = {
			isa = PBXFrameworksBuildPhase;
			buildActionMask = 2147483647;
			files = (
				55A1C3A716562AC50038D6B9 /* UIKit.framework in Frameworks */,
				55A1C3A916562AC50038D6B9 /* Foundation.framework in Frameworks */,
				55A1C3AB16562AC50038D6B9 /* CoreGraphics.framework in Frameworks */,
			);
			runOnlyForDeploymentPostprocessing = 0;
		};
/* End PBXFrameworksBuildPhase section */

/* Begin PBXGroup section */
		55A1C39716562AC50038D6B9 = {
			isa = PBXGroup;
			children = (
				55A1C3AC16562AC50038D6B9 /* StaticCellUserDefaults */,
				55A1C3A516562AC50038D6B9 /* Frameworks */,
				55A1C3A316562AC50038D6B9 /* Products */,
			);
			sourceTree = "<group>";
		};
		55A1C3A316562AC50038D6B9 /* Products */ = {
			isa = PBXGroup;
			children = (
				55A1C3A216562AC50038D6B9 /* StaticCellUserDefaults.app */,
			);
			name = Products;
			sourceTree = "<group>";
		};
		55A1C3A516562AC50038D6B9 /* Frameworks */ = {
			isa = PBXGroup;
			children = (
				55A1C3A616562AC50038D6B9 /* UIKit.framework */,
				55A1C3A816562AC50038D6B9 /* Foundation.framework */,
				55A1C3AA16562AC50038D6B9 /* CoreGraphics.framework */,
			);
			name = Frameworks;
			sourceTree = "<group>";
		};
		55A1C3AC16562AC50038D6B9 /* StaticCellUserDefaults */ = {
			isa = PBXGroup;
			children = (
				55A1C3B516562AC50038D6B9 /* AppDelegate.h */,
				55A1C3B616562AC50038D6B9 /* AppDelegate.m */,
				55A1C3B816562AC50038D6B9 /* MainStoryboard.storyboard */,
				55A1C3C316562C610038D6B9 /* DietOptionsViewController.h */,
				55A1C3C416562C610038D6B9 /* DietOptionsViewController.m */,
				55A1C3BB16562AC50038D6B9 /* ViewController.h */,
				55A1C3BC16562AC50038D6B9 /* ViewController.m */,
				55A1C3AD16562AC50038D6B9 /* Supporting Files */,
			);
			path = StaticCellUserDefaults;
			sourceTree = "<group>";
		};
		55A1C3AD16562AC50038D6B9 /* Supporting Files */ = {
			isa = PBXGroup;
			children = (
				55A1C3AE16562AC50038D6B9 /* StaticCellUserDefaults-Info.plist */,
				55A1C3AF16562AC50038D6B9 /* InfoPlist.strings */,
				55A1C3B216562AC50038D6B9 /* main.m */,
				55A1C3B416562AC50038D6B9 /* StaticCellUserDefaults-Prefix.pch */,
			);
			name = "Supporting Files";
			sourceTree = "<group>";
		};
/* End PBXGroup section */

/* Begin PBXNativeTarget section */
		55A1C3A116562AC50038D6B9 /* StaticCellUserDefaults */ = {
			isa = PBXNativeTarget;
			buildConfigurationList = 55A1C3C016562AC50038D6B9 /* Build configuration list for PBXNativeTarget "StaticCellUserDefaults" */;
			buildPhases = (
				55A1C39E16562AC50038D6B9 /* Sources */,
				55A1C39F16562AC50038D6B9 /* Frameworks */,
				55A1C3A016562AC50038D6B9 /* Resources */,
			);
			buildRules = (
			);
			dependencies = (
			);
			name = StaticCellUserDefaults;
			productName = StaticCellUserDefaults;
			productReference = 55A1C3A216562AC50038D6B9 /* StaticCellUserDefaults.app */;
			productType = "com.apple.product-type.application";
		};
/* End PBXNativeTarget section */

/* Begin PBXProject section */
		55A1C39916562AC50038D6B9 /* Project object */ = {
			isa = PBXProject;
			attributes = {
				LastUpgradeCheck = 0430;
			};
			buildConfigurationList = 55A1C39C16562AC50038D6B9 /* Build configuration list for PBXProject "StaticCellUserDefaults" */;
			compatibilityVersion = "Xcode 3.2";
			developmentRegion = English;
			hasScannedForEncodings = 0;
			knownRegions = (
				en,
			);
			mainGroup = 55A1C39716562AC50038D6B9;
			productRefGroup = 55A1C3A316562AC50038D6B9 /* Products */;
			projectDirPath = "";
			projectRoot = "";
			targets = (
				55A1C3A116562AC50038D6B9 /* StaticCellUserDefaults */,
			);
		};
/* End PBXProject section */

/* Begin PBXResourcesBuildPhase section */
		55A1C3A016562AC50038D6B9 /* Resources */ = {
			isa = PBXResourcesBuildPhase;
			buildActionMask = 2147483647;
			files = (
				55A1C3B116562AC50038D6B9 /* InfoPlist.strings in Resources */,
				55A1C3BA16562AC50038D6B9 /* MainStoryboard.storyboard in Resources */,
			);
			runOnlyForDeploymentPostprocessing = 0;
		};
/* End PBXResourcesBuildPhase section */

/* Begin PBXSourcesBuildPhase section */
		55A1C39E16562AC50038D6B9 /* Sources */ = {
			isa = PBXSourcesBuildPhase;
			buildActionMask = 2147483647;
			files = (
				55A1C3B316562AC50038D6B9 /* main.m in Sources */,
				55A1C3B716562AC50038D6B9 /* AppDelegate.m in Sources */,
				55A1C3BD16562AC50038D6B9 /* ViewController.m in Sources */,
				55A1C3C516562C610038D6B9 /* DietOptionsViewController.m in Sources */,
			);
			runOnlyForDeploymentPostprocessing = 0;
		};
/* End PBXSourcesBuildPhase section */

/* Begin PBXVariantGroup section */
		55A1C3AF16562AC50038D6B9 /* InfoPlist.strings */ = {
			isa = PBXVariantGroup;
			children = (
				55A1C3B016562AC50038D6B9 /* en */,
			);
			name = InfoPlist.strings;
			sourceTree = "<group>";
		};
		55A1C3B816562AC50038D6B9 /* MainStoryboard.storyboard */ = {
			isa = PBXVariantGroup;
			children = (
				55A1C3B916562AC50038D6B9 /* en */,
			);
			name = MainStoryboard.storyboard;
			sourceTree = "<group>";
		};
/* End PBXVariantGroup section */

/* Begin XCBuildConfiguration section */
		55A1C3BE16562AC50038D6B9 /* Debug */ = {
			isa = XCBuildConfiguration;
			buildSettings = {
				ALWAYS_SEARCH_USER_PATHS = NO;
				ARCHS = "$(ARCHS_STANDARD_32_BIT)";
				"CODE_SIGN_IDENTITY[sdk=iphoneos*]" = "iPhone Developer";
				COPY_PHASE_STRIP = NO;
				GCC_C_LANGUAGE_STANDARD = gnu99;
				GCC_DYNAMIC_NO_PIC = NO;
				GCC_OPTIMIZATION_LEVEL = 0;
				GCC_PREPROCESSOR_DEFINITIONS = (
					"DEBUG=1",
					"$(inherited)",
				);
				GCC_SYMBOLS_PRIVATE_EXTERN = NO;
				GCC_VERSION = com.apple.compilers.llvm.clang.1_0;
				GCC_WARN_ABOUT_RETURN_TYPE = YES;
				GCC_WARN_UNINITIALIZED_AUTOS = YES;
				GCC_WARN_UNUSED_VARIABLE = YES;
				IPHONEOS_DEPLOYMENT_TARGET = 5.1;
				SDKROOT = iphoneos;
			};
			name = Debug;
		};
		55A1C3BF16562AC50038D6B9 /* Release */ = {
			isa = XCBuildConfiguration;
			buildSettings = {
				ALWAYS_SEARCH_USER_PATHS = NO;
				ARCHS = "$(ARCHS_STANDARD_32_BIT)";
				"CODE_SIGN_IDENTITY[sdk=iphoneos*]" = "iPhone Developer";
				COPY_PHASE_STRIP = YES;
				GCC_C_LANGUAGE_STANDARD = gnu99;
				GCC_VERSION = com.apple.compilers.llvm.clang.1_0;
				GCC_WARN_ABOUT_RETURN_TYPE = YES;
				GCC_WARN_UNINITIALIZED_AUTOS = YES;
				GCC_WARN_UNUSED_VARIABLE = YES;
				IPHONEOS_DEPLOYMENT_TARGET = 5.1;
				OTHER_CFLAGS = "-DNS_BLOCK_ASSERTIONS=1";
				SDKROOT = iphoneos;
				VALIDATE_PRODUCT = YES;
			};
			name = Release;
		};
		55A1C3C116562AC50038D6B9 /* Debug */ = {
			isa = XCBuildConfiguration;
			buildSettings = {
				GCC_PRECOMPILE_PREFIX_HEADER = YES;
				GCC_PREFIX_HEADER = "StaticCellUserDefaults/StaticCellUserDefaults-Prefix.pch";
				INFOPLIST_FILE = "StaticCellUserDefaults/StaticCellUserDefaults-Info.plist";
				PRODUCT_NAME = "$(TARGET_NAME)";
				WRAPPER_EXTENSION = app;
			};
			name = Debug;
		};
		55A1C3C216562AC50038D6B9 /* Release */ = {
			isa = XCBuildConfiguration;
			buildSettings = {
				GCC_PRECOMPILE_PREFIX_HEADER = YES;
				GCC_PREFIX_HEADER = "StaticCellUserDefaults/StaticCellUserDefaults-Prefix.pch";
				INFOPLIST_FILE = "StaticCellUserDefaults/StaticCellUserDefaults-Info.plist";
				PRODUCT_NAME = "$(TARGET_NAME)";
				WRAPPER_EXTENSION = app;
			};
			name = Release;
		};
/* End XCBuildConfiguration section */

/* Begin XCConfigurationList section */
		55A1C39C16562AC50038D6B9 /* Build configuration list for PBXProject "StaticCellUserDefaults" */ = {
			isa = XCConfigurationList;
			buildConfigurations = (
				55A1C3BE16562AC50038D6B9 /* Debug */,
				55A1C3BF16562AC50038D6B9 /* Release */,
			);
			defaultConfigurationIsVisible = 0;
			defaultConfigurationName = Release;
		};
		55A1C3C016562AC50038D6B9 /* Build configuration list for PBXNativeTarget "StaticCellUserDefaults" */ = {
			isa = XCConfigurationList;
			buildConfigurations = (
				55A1C3C116562AC50038D6B9 /* Debug */,
				55A1C3C216562AC50038D6B9 /* Release */,
			);
			defaultConfigurationIsVisible = 0;
			defaultConfigurationName = Release;
		};
/* End XCConfigurationList section */
	};
	rootObject = 55A1C39916562AC50038D6B9 /* Project object */;
}
